
Microsoft Visual Studio Solution File, Format Version 12.00
# Visual Studio Version 17
VisualStudioVersion = 17.11.35327.3
MinimumVisualStudioVersion = 10.0.40219.1
Project("{FAE04EC0-301F-11D3-BF4B-00C04F79EFBC}") = "TraveCheckFront", "TraveCheckFront.csproj", "{A329779E-FA83-4459-83C7-B5CA054243F9}"
EndProject
Global
	GlobalSection(SolutionConfigurationPlatforms) = preSolution
		Debug|Any CPU = Debug|Any CPU
		Release|Any CPU = Release|Any CPU
	EndGlobalSection
	GlobalSection(ProjectConfigurationPlatforms) = postSolution
		{A329779E-FA83-4459-83C7-B5CA054243F9}.Debug|Any CPU.ActiveCfg = Debug|Any CPU
		{A329779E-FA83-4459-83C7-B5CA054243F9}.Debug|Any CPU.Build.0 = Debug|Any CPU
		{A329779E-FA83-4459-83C7-B5CA054243F9}.Release|Any CPU.ActiveCfg = Release|Any CPU
		{A329779E-FA83-4459-83C7-B5CA054243F9}.Release|Any CPU.Build.0 = Release|Any CPU
	EndGlobalSection
	GlobalSection(SolutionProperties) = preSolution
		HideSolutionNode = FALSE
	EndGlobalSection
	GlobalSection(ExtensibilityGlobals) = postSolution
		SolutionGuid = {904A77A0-B3DA-49F4-B9C1-B8F253110AF2}
	EndGlobalSection
EndGlobal
